
Microsoft Visual Studio Solution File, Format Version 12.00
# Visual Studio Version 17
VisualStudioVersion = 17.0.32014.148
MinimumVisualStudioVersion = 10.0.40219.1
Project("{FAE04EC0-301F-11D3-BF4B-00C04F79EFBC}") = "Abstraction", "Abstraction\Abstraction.csproj", "{1A7F14D6-A6AD-4ABA-841B-1E1FCCCCB138}"
EndProject
Global
	GlobalSection(SolutionConfigurationPlatforms) = preSolution
		Debug|Any CPU = Debug|Any CPU
		Release|Any CPU = Release|Any CPU
	EndGlobalSection
	GlobalSection(ProjectConfigurationPlatforms) = postSolution
		{1A7F14D6-A6AD-4ABA-841B-1E1FCCCCB138}.Debug|Any CPU.ActiveCfg = Debug|Any CPU
		{1A7F14D6-A6AD-4ABA-841B-1E1FCCCCB138}.Debug|Any CPU.Build.0 = Debug|Any CPU
		{1A7F14D6-A6AD-4ABA-841B-1E1FCCCCB138}.Release|Any CPU.ActiveCfg = Release|Any CPU
		{1A7F14D6-A6AD-4ABA-841B-1E1FCCCCB138}.Release|Any CPU.Build.0 = Release|Any CPU
	EndGlobalSection
	GlobalSection(SolutionProperties) = preSolution
		HideSolutionNode = FALSE
	EndGlobalSection
	GlobalSection(ExtensibilityGlobals) = postSolution
		SolutionGuid = {B854D870-7543-43C0-9622-4F2C8FD9F8DD}
	EndGlobalSection
EndGlobal
